# This file is generated by running "yarn install" inside your project.
# Manual changes might be lost - proceed with caution!

__metadata:
  version: 6
  cacheKey: 8

"@types/node@npm:^14.14.41":
  version: 14.17.1
  resolution: "@types/node@npm:14.17.1"
  checksum: 81cc34ecd6e21ed723f00e55f042ccc1e1bde306122fa73aab9437584339fe1dd0c10e00ee691c99f0b9ca1ebcc9d6f0d35ca78356f7d0d580eaf3e93bd48718
  languageName: node
  linkType: hard

"tigerbeetle-node@workspace:.":
  version: 0.0.0-use.local
  resolution: "tigerbeetle-node@workspace:."
  dependencies:
    "@types/node": ^14.14.41
    typescript: ^4.0.2
  languageName: unknown
  linkType: soft

typescript@^4.0.2:
  version: 4.2.4
  resolution: "typescript@npm:4.2.4"
  bin:
    tsc: bin/tsc
    tsserver: bin/tsserver
  checksum: 89c397df192f239359ad798b96d8e8d552e12c0c189ac5676cec4c20c410d6eec636b8e59a88f2aef0a56d961a9678d99c400099be9b7cae2f7b062eb4b7b171
  languageName: node
  linkType: hard

"typescript@patch:typescript@^4.0.2#~builtin<compat/typescript>":
  version: 4.2.4
  resolution: "typescript@patch:typescript@npm%3A4.2.4#~builtin<compat/typescript>::version=4.2.4&hash=bda367"
  bin:
    tsc: bin/tsc
    tsserver: bin/tsserver
  checksum: eb86e0e8022e5297f7a7b871b6edfbf33b57049416ada8bf97c358760125c7c79f074fbebd1b8e8230f858ae05eb22ad0e805e8f6acd5eae1fa886681624c15e
  languageName: node
  linkType: hard
